
Microsoft Visual Studio Solution File, Format Version 12.00
# Visual Studio Version 17
VisualStudioVersion = 17.10.35027.167
MinimumVisualStudioVersion = 10.0.40219.1
Project("{9A19103F-16F7-4668-BE54-9A1E7A4F7556}") = "ModelUI", "ModelUI\ModelUI.csproj", "{94CE9BB8-3C57-406A-9461-A7299B9EB1DD}"
EndProject
Global
	GlobalSection(SolutionConfigurationPlatforms) = preSolution
		Debug|Any CPU = Debug|Any CPU
		Release|Any CPU = Release|Any CPU
	EndGlobalSection
	GlobalSection(ProjectConfigurationPlatforms) = postSolution
		{94CE9BB8-3C57-406A-9461-A7299B9EB1DD}.Debug|Any CPU.ActiveCfg = Debug|Any CPU
		{94CE9BB8-3C57-406A-9461-A7299B9EB1DD}.Debug|Any CPU.Build.0 = Debug|Any CPU
		{94CE9BB8-3C57-406A-9461-A7299B9EB1DD}.Release|Any CPU.ActiveCfg = Release|Any CPU
		{94CE9BB8-3C57-406A-9461-A7299B9EB1DD}.Release|Any CPU.Build.0 = Release|Any CPU
	EndGlobalSection
	GlobalSection(SolutionProperties) = preSolution
		HideSolutionNode = FALSE
	EndGlobalSection
	GlobalSection(ExtensibilityGlobals) = postSolution
		SolutionGuid = {44E9C931-1FAF-4739-B633-5889DD34470D}
	EndGlobalSection
EndGlobal
